// !$*UTF8*$!
{
	archiveVersion = 1;
	classes = {
	};
	objectVersion = 51;
	objects = {

/* Begin PBXBuildFile section */
		04592237240886EB00845C65 /* MovieDetailsAViewController.swift in Sources */ = {isa = PBXBuildFile; fileRef = 04592236240886EB00845C65 /* MovieDetailsAViewController.swift */; };
		0459223924088FB100845C65 /* MovieGridViewController.swift in Sources */ = {isa = PBXBuildFile; fileRef = 0459223824088FB100845C65 /* MovieGridViewController.swift */; };
		0459223B240895BF00845C65 /* MovieGridCell.swift in Sources */ = {isa = PBXBuildFile; fileRef = 0459223A240895BF00845C65 /* MovieGridCell.swift */; };
		04D1A93F23F5F5B700AE3399 /* AppDelegate.swift in Sources */ = {isa = PBXBuildFile; fileRef = 04D1A93E23F5F5B700AE3399 /* AppDelegate.swift */; };
		04D1A94423F5F5B700AE3399 /* Main.storyboard in Resources */ = {isa = PBXBuildFile; fileRef = 04D1A94223F5F5B700AE3399 /* Main.storyboard */; };
		04D1A94623F5F5BB00AE3399 /* Assets.xcassets in Resources */ = {isa = PBXBuildFile; fileRef = 04D1A94523F5F5BB00AE3399 /* Assets.xcassets */; };
		04D1A94923F5F5BB00AE3399 /* LaunchScreen.storyboard in Resources */ = {isa = PBXBuildFile; fileRef = 04D1A94723F5F5BB00AE3399 /* LaunchScreen.storyboard */; };
		04D1A95423F5F5BB00AE3399 /* FlixTests.swift in Sources */ = {isa = PBXBuildFile; fileRef = 04D1A95323F5F5BB00AE3399 /* FlixTests.swift */; };
		04D1A95F23F5F5BB00AE3399 /* FlixUITests.swift in Sources */ = {isa = PBXBuildFile; fileRef = 04D1A95E23F5F5BB00AE3399 /* FlixUITests.swift */; };
		04D1A99123F5FD9600AE3399 /* MoviesViewController.swift in Sources */ = {isa = PBXBuildFile; fileRef = 04D1A99023F5FD9600AE3399 /* MoviesViewController.swift */; };
		04D1A99323F60B9D00AE3399 /* MoviesCell.swift in Sources */ = {isa = PBXBuildFile; fileRef = 04D1A99223F60B9D00AE3399 /* MoviesCell.swift */; };
		9983637883CEA7D778D9A230 /* Pods_Flix_FlixUITests.framework in Frameworks */ = {isa = PBXBuildFile; fileRef = 3DA44064A344EFB42152A638 /* Pods_Flix_FlixUITests.framework */; };
		9C1460DE659BE6A620D9CDDD /* Pods_Flix.framework in Frameworks */ = {isa = PBXBuildFile; fileRef = 415A0C70FFF5517D6ECAF841 /* Pods_Flix.framework */; };
		EBEBB3AEDA4C8A28DCFE6E57 /* Pods_FlixTests.framework in Frameworks */ = {isa = PBXBuildFile; fileRef = 30AFD0B3C104D2F0E81F83DE /* Pods_FlixTests.framework */; };
/* End PBXBuildFile section */

/* Begin PBXContainerItemProxy section */
		04D1A95023F5F5BB00AE3399 /* PBXContainerItemProxy */ = {
			isa = PBXContainerItemProxy;
			containerPortal = 04D1A93323F5F5B600AE3399 /* Project object */;
			proxyType = 1;
			remoteGlobalIDString = 04D1A93A23F5F5B600AE3399;
			remoteInfo = Flix;
		};
		04D1A95B23F5F5BB00AE3399 /* PBXContainerItemProxy */ = {
			isa = PBXContainerItemProxy;
			containerPortal = 04D1A93323F5F5B600AE3399 /* Project object */;
			proxyType = 1;
			remoteGlobalIDString = 04D1A93A23F5F5B600AE3399;
			remoteInfo = Flix;
		};
/* End PBXContainerItemProxy section */

/* Begin PBXFileReference section */
		04592236240886EB00845C65 /* MovieDetailsAViewController.swift */ = {isa = PBXFileReference; lastKnownFileType = sourcecode.swift; path = MovieDetailsAViewController.swift; sourceTree = "<group>"; };
		0459223824088FB100845C65 /* MovieGridViewController.swift */ = {isa = PBXFileReference; lastKnownFileType = sourcecode.swift; path = MovieGridViewController.swift; sourceTree = "<group>"; };
		0459223A240895BF00845C65 /* MovieGridCell.swift */ = {isa = PBXFileReference; lastKnownFileType = sourcecode.swift; path = MovieGridCell.swift; sourceTree = "<group>"; };
		04D1A93B23F5F5B600AE3399 /* Flix.app */ = {isa = PBXFileReference; explicitFileType = wrapper.application; includeInIndex = 0; path = Flix.app; sourceTree = BUILT_PRODUCTS_DIR; };
		04D1A93E23F5F5B700AE3399 /* AppDelegate.swift */ = {isa = PBXFileReference; lastKnownFileType = sourcecode.swift; path = AppDelegate.swift; sourceTree = "<group>"; };
		04D1A94323F5F5B700AE3399 /* Base */ = {isa = PBXFileReference; lastKnownFileType = file.storyboard; name = Base; path = Base.lproj/Main.storyboard; sourceTree = "<group>"; };
		04D1A94523F5F5BB00AE3399 /* Assets.xcassets */ = {isa = PBXFileReference; lastKnownFileType = folder.assetcatalog; path = Assets.xcassets; sourceTree = "<group>"; };
		04D1A94823F5F5BB00AE3399 /* Base */ = {isa = PBXFileReference; lastKnownFileType = file.storyboard; name = Base; path = Base.lproj/LaunchScreen.storyboard; sourceTree = "<group>"; };
		04D1A94A23F5F5BB00AE3399 /* Info.plist */ = {isa = PBXFileReference; lastKnownFileType = text.plist.xml; path = Info.plist; sourceTree = "<group>"; };
		04D1A94F23F5F5BB00AE3399 /* FlixTests.xctest */ = {isa = PBXFileReference; explicitFileType = wrapper.cfbundle; includeInIndex = 0; path = FlixTests.xctest; sourceTree = BUILT_PRODUCTS_DIR; };
		04D1A95323F5F5BB00AE3399 /* FlixTests.swift */ = {isa = PBXFileReference; lastKnownFileType = sourcecode.swift; path = FlixTests.swift; sourceTree = "<group>"; };
		04D1A95523F5F5BB00AE3399 /* Info.plist */ = {isa = PBXFileReference; lastKnownFileType = text.plist.xml; path = Info.plist; sourceTree = "<group>"; };
		04D1A95A23F5F5BB00AE3399 /* FlixUITests.xctest */ = {isa = PBXFileReference; explicitFileType = wrapper.cfbundle; includeInIndex = 0; path = FlixUITests.xctest; sourceTree = BUILT_PRODUCTS_DIR; };
		04D1A95E23F5F5BB00AE3399 /* FlixUITests.swift */ = {isa = PBXFileReference; lastKnownFileType = sourcecode.swift; path = FlixUITests.swift; sourceTree = "<group>"; };
		04D1A96023F5F5BB00AE3399 /* Info.plist */ = {isa = PBXFileReference; lastKnownFileType = text.plist.xml; path = Info.plist; sourceTree = "<group>"; };
		04D1A99023F5FD9600AE3399 /* MoviesViewController.swift */ = {isa = PBXFileReference; lastKnownFileType = sourcecode.swift; path = MoviesViewController.swift; sourceTree = "<group>"; };
		04D1A99223F60B9D00AE3399 /* MoviesCell.swift */ = {isa = PBXFileReference; lastKnownFileType = sourcecode.swift; path = MoviesCell.swift; sourceTree = "<group>"; };
		12E61A9A2312B4FB3EF5867D /* Pods-Flix.debug.xcconfig */ = {isa = PBXFileReference; includeInIndex = 1; lastKnownFileType = text.xcconfig; name = "Pods-Flix.debug.xcconfig"; path = "Target Support Files/Pods-Flix/Pods-Flix.debug.xcconfig"; sourceTree = "<group>"; };
		30AFD0B3C104D2F0E81F83DE /* Pods_FlixTests.framework */ = {isa = PBXFileReference; explicitFileType = wrapper.framework; includeInIndex = 0; path = Pods_FlixTests.framework; sourceTree = BUILT_PRODUCTS_DIR; };
		3DA44064A344EFB42152A638 /* Pods_Flix_FlixUITests.framework */ = {isa = PBXFileReference; explicitFileType = wrapper.framework; includeInIndex = 0; path = Pods_Flix_FlixUITests.framework; sourceTree = BUILT_PRODUCTS_DIR; };
		415A0C70FFF5517D6ECAF841 /* Pods_Flix.framework */ = {isa = PBXFileReference; explicitFileType = wrapper.framework; includeInIndex = 0; path = Pods_Flix.framework; sourceTree = BUILT_PRODUCTS_DIR; };
		4D7FDE891E3BD922ADD35DDA /* Pods-Flix-FlixUITests.release.xcconfig */ = {isa = PBXFileReference; includeInIndex = 1; lastKnownFileType = text.xcconfig; name = "Pods-Flix-FlixUITests.release.xcconfig"; path = "Target Support Files/Pods-Flix-FlixUITests/Pods-Flix-FlixUITests.release.xcconfig"; sourceTree = "<group>"; };
		72D3C7122A3F86DD4FADFBD0 /* Pods-Flix.release.xcconfig */ = {isa = PBXFileReference; includeInIndex = 1; lastKnownFileType = text.xcconfig; name = "Pods-Flix.release.xcconfig"; path = "Target Support Files/Pods-Flix/Pods-Flix.release.xcconfig"; sourceTree = "<group>"; };
		B06FD8FBC59C2E3B666D409E /* Pods-FlixTests.debug.xcconfig */ = {isa = PBXFileReference; includeInIndex = 1; lastKnownFileType = text.xcconfig; name = "Pods-FlixTests.debug.xcconfig"; path = "Target Support Files/Pods-FlixTests/Pods-FlixTests.debug.xcconfig"; sourceTree = "<group>"; };
		CD547B1BF2868ACDBA340925 /* Pods-FlixTests.release.xcconfig */ = {isa = PBXFileReference; includeInIndex = 1; lastKnownFileType = text.xcconfig; name = "Pods-FlixTests.release.xcconfig"; path = "Target Support Files/Pods-FlixTests/Pods-FlixTests.release.xcconfig"; sourceTree = "<group>"; };
		D3D60D62D0FD796C391602A8 /* Pods-Flix-FlixUITests.debug.xcconfig */ = {isa = PBXFileReference; includeInIndex = 1; lastKnownFileType = text.xcconfig; name = "Pods-Flix-FlixUITests.debug.xcconfig"; path = "Target Support Files/Pods-Flix-FlixUITests/Pods-Flix-FlixUITests.debug.xcconfig"; sourceTree = "<group>"; };
/* End PBXFileReference section */

/* Begin PBXFrameworksBuildPhase section */
		04D1A93823F5F5B600AE3399 /* Frameworks */ = {
			isa = PBXFrameworksBuildPhase;
			buildActionMask = 2147483647;
			files = (
				9C1460DE659BE6A620D9CDDD /* Pods_Flix.framework in Frameworks */,
			);
			runOnlyForDeploymentPostprocessing = 0;
		};
		04D1A94C23F5F5BB00AE3399 /* Frameworks */ = {
			isa = PBXFrameworksBuildPhase;
			buildActionMask = 2147483647;
			files = (
				EBEBB3AEDA4C8A28DCFE6E57 /* Pods_FlixTests.framework in Frameworks */,
			);
			runOnlyForDeploymentPostprocessing = 0;
		};
		04D1A95723F5F5BB00AE3399 /* Frameworks */ = {
			isa = PBXFrameworksBuildPhase;
			buildActionMask = 2147483647;
			files = (
				9983637883CEA7D778D9A230 /* Pods_Flix_FlixUITests.framework in Frameworks */,
			);
			runOnlyForDeploymentPostprocessing = 0;
		};
/* End PBXFrameworksBuildPhase section */

/* Begin PBXGroup section */
		04D1A93223F5F5B600AE3399 = {
			isa = PBXGroup;
			children = (
				04D1A93D23F5F5B600AE3399 /* Flix */,
				04D1A95223F5F5BB00AE3399 /* FlixTests */,
				04D1A95D23F5F5BB00AE3399 /* FlixUITests */,
				04D1A93C23F5F5B600AE3399 /* Products */,
				A7E7B01E0067541759988204 /* Pods */,
				D0659084C3F52B924BF5BC48 /* Frameworks */,
			);
			sourceTree = "<group>";
		};
		04D1A93C23F5F5B600AE3399 /* Products */ = {
			isa = PBXGroup;
			children = (
				04D1A93B23F5F5B600AE3399 /* Flix.app */,
				04D1A94F23F5F5BB00AE3399 /* FlixTests.xctest */,
				04D1A95A23F5F5BB00AE3399 /* FlixUITests.xctest */,
			);
			name = Products;
			sourceTree = "<group>";
		};
		04D1A93D23F5F5B600AE3399 /* Flix */ = {
			isa = PBXGroup;
			children = (
				04D1A93E23F5F5B700AE3399 /* AppDelegate.swift */,
				04D1A99023F5FD9600AE3399 /* MoviesViewController.swift */,
				04D1A94223F5F5B700AE3399 /* Main.storyboard */,
				04D1A99223F60B9D00AE3399 /* MoviesCell.swift */,
				04D1A94523F5F5BB00AE3399 /* Assets.xcassets */,
				04D1A94723F5F5BB00AE3399 /* LaunchScreen.storyboard */,
				04D1A94A23F5F5BB00AE3399 /* Info.plist */,
				04592236240886EB00845C65 /* MovieDetailsAViewController.swift */,
				0459223824088FB100845C65 /* MovieGridViewController.swift */,
				0459223A240895BF00845C65 /* MovieGridCell.swift */,
			);
			path = Flix;
			sourceTree = "<group>";
		};
		04D1A95223F5F5BB00AE3399 /* FlixTests */ = {
			isa = PBXGroup;
			children = (
				04D1A95323F5F5BB00AE3399 /* FlixTests.swift */,
				04D1A95523F5F5BB00AE3399 /* Info.plist */,
			);
			path = FlixTests;
			sourceTree = "<group>";
		};
		04D1A95D23F5F5BB00AE3399 /* FlixUITests */ = {
			isa = PBXGroup;
			children = (
				04D1A95E23F5F5BB00AE3399 /* FlixUITests.swift */,
				04D1A96023F5F5BB00AE3399 /* Info.plist */,
			);
			path = FlixUITests;
			sourceTree = "<group>";
		};
		A7E7B01E0067541759988204 /* Pods */ = {
			isa = PBXGroup;
			children = (
				12E61A9A2312B4FB3EF5867D /* Pods-Flix.debug.xcconfig */,
				72D3C7122A3F86DD4FADFBD0 /* Pods-Flix.release.xcconfig */,
				D3D60D62D0FD796C391602A8 /* Pods-Flix-FlixUITests.debug.xcconfig */,
				4D7FDE891E3BD922ADD35DDA /* Pods-Flix-FlixUITests.release.xcconfig */,
				B06FD8FBC59C2E3B666D409E /* Pods-FlixTests.debug.xcconfig */,
				CD547B1BF2868ACDBA340925 /* Pods-FlixTests.release.xcconfig */,
			);
			path = Pods;
			sourceTree = "<group>";
		};
		D0659084C3F52B924BF5BC48 /* Frameworks */ = {
			isa = PBXGroup;
			children = (
				415A0C70FFF5517D6ECAF841 /* Pods_Flix.framework */,
				3DA44064A344EFB42152A638 /* Pods_Flix_FlixUITests.framework */,
				30AFD0B3C104D2F0E81F83DE /* Pods_FlixTests.framework */,
			);
			name = Frameworks;
			sourceTree = "<group>";
		};
/* End PBXGroup section */

/* Begin PBXNativeTarget section */
		04D1A93A23F5F5B600AE3399 /* Flix */ = {
			isa = PBXNativeTarget;
			buildConfigurationList = 04D1A96323F5F5BB00AE3399 /* Build configuration list for PBXNativeTarget "Flix" */;
			buildPhases = (
				BA21926562E14FBF9B77BC76 /* [CP] Check Pods Manifest.lock */,
				04D1A93723F5F5B600AE3399 /* Sources */,
				04D1A93823F5F5B600AE3399 /* Frameworks */,
				04D1A93923F5F5B600AE3399 /* Resources */,
				1B707E1DB94B0D474E4346D2 /* [CP] Embed Pods Frameworks */,
			);
			buildRules = (
			);
			dependencies = (
			);
			name = Flix;
			productName = Flix;
			productReference = 04D1A93B23F5F5B600AE3399 /* Flix.app */;
			productType = "com.apple.product-type.application";
		};
		04D1A94E23F5F5BB00AE3399 /* FlixTests */ = {
			isa = PBXNativeTarget;
			buildConfigurationList = 04D1A96623F5F5BB00AE3399 /* Build configuration list for PBXNativeTarget "FlixTests" */;
			buildPhases = (
				736D86F26FA89E5F6ED36009 /* [CP] Check Pods Manifest.lock */,
				04D1A94B23F5F5BB00AE3399 /* Sources */,
				04D1A94C23F5F5BB00AE3399 /* Frameworks */,
				04D1A94D23F5F5BB00AE3399 /* Resources */,
			);
			buildRules = (
			);
			dependencies = (
				04D1A95123F5F5BB00AE3399 /* PBXTargetDependency */,
			);
			name = FlixTests;
			productName = FlixTests;
			productReference = 04D1A94F23F5F5BB00AE3399 /* FlixTests.xctest */;
			productType = "com.apple.product-type.bundle.unit-test";
		};
		04D1A95923F5F5BB00AE3399 /* FlixUITests */ = {
			isa = PBXNativeTarget;
			buildConfigurationList = 04D1A96923F5F5BB00AE3399 /* Build configuration list for PBXNativeTarget "FlixUITests" */;
			buildPhases = (
				726D4867AE11C33A4D0CD6EA /* [CP] Check Pods Manifest.lock */,
				04D1A95623F5F5BB00AE3399 /* Sources */,
				04D1A95723F5F5BB00AE3399 /* Frameworks */,
				04D1A95823F5F5BB00AE3399 /* Resources */,
				E887A4106FBC7CA421208D9E /* [CP] Embed Pods Frameworks */,
			);
			buildRules = (
			);
			dependencies = (
				04D1A95C23F5F5BB00AE3399 /* PBXTargetDependency */,
			);
			name = FlixUITests;
			productName = FlixUITests;
			productReference = 04D1A95A23F5F5BB00AE3399 /* FlixUITests.xctest */;
			productType = "com.apple.product-type.bundle.ui-testing";
		};
/* End PBXNativeTarget section */

/* Begin PBXProject section */
		04D1A93323F5F5B600AE3399 /* Project object */ = {
			isa = PBXProject;
			attributes = {
				LastSwiftUpdateCheck = 1010;
				LastUpgradeCheck = 1010;
				ORGANIZATIONNAME = Seerat1276;
				TargetAttributes = {
					04D1A93A23F5F5B600AE3399 = {
						CreatedOnToolsVersion = 10.1;
					};
					04D1A94E23F5F5BB00AE3399 = {
						CreatedOnToolsVersion = 10.1;
						TestTargetID = 04D1A93A23F5F5B600AE3399;
					};
					04D1A95923F5F5BB00AE3399 = {
						CreatedOnToolsVersion = 10.1;
						TestTargetID = 04D1A93A23F5F5B600AE3399;
					};
				};
			};
			buildConfigurationList = 04D1A93623F5F5B600AE3399 /* Build configuration list for PBXProject "Flix" */;
			compatibilityVersion = "Xcode 9.3";
			developmentRegion = en;
			hasScannedForEncodings = 0;
			knownRegions = (
				en,
				Base,
			);
			mainGroup = 04D1A93223F5F5B600AE3399;
			productRefGroup = 04D1A93C23F5F5B600AE3399 /* Products */;
			projectDirPath = "";
			projectRoot = "";
			targets = (
				04D1A93A23F5F5B600AE3399 /* Flix */,
				04D1A94E23F5F5BB00AE3399 /* FlixTests */,
				04D1A95923F5F5BB00AE3399 /* FlixUITests */,
			);
		};
/* End PBXProject section */

/* Begin PBXResourcesBuildPhase section */
		04D1A93923F5F5B600AE3399 /* Resources */ = {
			isa = PBXResourcesBuildPhase;
			buildActionMask = 2147483647;
			files = (
				04D1A94923F5F5BB00AE3399 /* LaunchScreen.storyboard in Resources */,
				04D1A94623F5F5BB00AE3399 /* Assets.xcassets in Resources */,
				04D1A94423F5F5B700AE3399 /* Main.storyboard in Resources */,
			);
			runOnlyForDeploymentPostprocessing = 0;
		};
		04D1A94D23F5F5BB00AE3399 /* Resources */ = {
			isa = PBXResourcesBuildPhase;
			buildActionMask = 2147483647;
			files = (
			);
			runOnlyForDeploymentPostprocessing = 0;
		};
		04D1A95823F5F5BB00AE3399 /* Resources */ = {
			isa = PBXResourcesBuildPhase;
			buildActionMask = 2147483647;
			files = (
			);
			runOnlyForDeploymentPostprocessing = 0;
		};
/* End PBXResourcesBuildPhase section */

/* Begin PBXShellScriptBuildPhase section */
		1B707E1DB94B0D474E4346D2 /* [CP] Embed Pods Frameworks */ = {
			isa = PBXShellScriptBuildPhase;
			buildActionMask = 2147483647;
			files = (
			);
			inputFileListPaths = (
				"${PODS_ROOT}/Target Support Files/Pods-Flix/Pods-Flix-frameworks-${CONFIGURATION}-input-files.xcfilelist",
			);
			name = "[CP] Embed Pods Frameworks";
			outputFileListPaths = (
				"${PODS_ROOT}/Target Support Files/Pods-Flix/Pods-Flix-frameworks-${CONFIGURATION}-output-files.xcfilelist",
			);
			runOnlyForDeploymentPostprocessing = 0;
			shellPath = /bin/sh;
			shellScript = "\"${PODS_ROOT}/Target Support Files/Pods-Flix/Pods-Flix-frameworks.sh\"\n";
			showEnvVarsInLog = 0;
		};
		726D4867AE11C33A4D0CD6EA /* [CP] Check Pods Manifest.lock */ = {
			isa = PBXShellScriptBuildPhase;
			buildActionMask = 2147483647;
			files = (
			);
			inputFileListPaths = (
			);
			inputPaths = (
				"${PODS_PODFILE_DIR_PATH}/Podfile.lock",
				"${PODS_ROOT}/Manifest.lock",
			);
			name = "[CP] Check Pods Manifest.lock";
			outputFileListPaths = (
			);
			outputPaths = (
				"$(DERIVED_FILE_DIR)/Pods-Flix-FlixUITests-checkManifestLockResult.txt",
			);
			runOnlyForDeploymentPostprocessing = 0;
			shellPath = /bin/sh;
			shellScript = "diff \"${PODS_PODFILE_DIR_PATH}/Podfile.lock\" \"${PODS_ROOT}/Manifest.lock\" > /dev/null\nif [ $? != 0 ] ; then\n    # print error to STDERR\n    echo \"error: The sandbox is not in sync with the Podfile.lock. Run 'pod install' or update your CocoaPods installation.\" >&2\n    exit 1\nfi\n# This output is used by Xcode 'outputs' to avoid re-running this script phase.\necho \"SUCCESS\" > \"${SCRIPT_OUTPUT_FILE_0}\"\n";
			showEnvVarsInLog = 0;
		};
		736D86F26FA89E5F6ED36009 /* [CP] Check Pods Manifest.lock */ = {
			isa = PBXShellScriptBuildPhase;
			buildActionMask = 2147483647;
			files = (
			);
			inputFileListPaths = (
			);
			inputPaths = (
				"${PODS_PODFILE_DIR_PATH}/Podfile.lock",
				"${PODS_ROOT}/Manifest.lock",
			);
			name = "[CP] Check Pods Manifest.lock";
			outputFileListPaths = (
			);
			outputPaths = (
				"$(DERIVED_FILE_DIR)/Pods-FlixTests-checkManifestLockResult.txt",
			);
			runOnlyForDeploymentPostprocessing = 0;
			shellPath = /bin/sh;
			shellScript = "diff \"${PODS_PODFILE_DIR_PATH}/Podfile.lock\" \"${PODS_ROOT}/Manifest.lock\" > /dev/null\nif [ $? != 0 ] ; then\n    # print error to STDERR\n    echo \"error: The sandbox is not in sync with the Podfile.lock. Run 'pod install' or update your CocoaPods installation.\" >&2\n    exit 1\nfi\n# This output is used by Xcode 'outputs' to avoid re-running this script phase.\necho \"SUCCESS\" > \"${SCRIPT_OUTPUT_FILE_0}\"\n";
			showEnvVarsInLog = 0;
		};
		BA21926562E14FBF9B77BC76 /* [CP] Check Pods Manifest.lock */ = {
			isa = PBXShellScriptBuildPhase;
			buildActionMask = 2147483647;
			files = (
			);
			inputFileListPaths = (
			);
			inputPaths = (
				"${PODS_PODFILE_DIR_PATH}/Podfile.lock",
				"${PODS_ROOT}/Manifest.lock",
			);
			name = "[CP] Check Pods Manifest.lock";
			outputFileListPaths = (
			);
			outputPaths = (
				"$(DERIVED_FILE_DIR)/Pods-Flix-checkManifestLockResult.txt",
			);
			runOnlyForDeploymentPostprocessing = 0;
			shellPath = /bin/sh;
			shellScript = "diff \"${PODS_PODFILE_DIR_PATH}/Podfile.lock\" \"${PODS_ROOT}/Manifest.lock\" > /dev/null\nif [ $? != 0 ] ; then\n    # print error to STDERR\n    echo \"error: The sandbox is not in sync with the Podfile.lock. Run 'pod install' or update your CocoaPods installation.\" >&2\n    exit 1\nfi\n# This output is used by Xcode 'outputs' to avoid re-running this script phase.\necho \"SUCCESS\" > \"${SCRIPT_OUTPUT_FILE_0}\"\n";
			showEnvVarsInLog = 0;
		};
		E887A4106FBC7CA421208D9E /* [CP] Embed Pods Frameworks */ = {
			isa = PBXShellScriptBuildPhase;
			buildActionMask = 2147483647;
			files = (
			);
			inputFileListPaths = (
				"${PODS_ROOT}/Target Support Files/Pods-Flix-FlixUITests/Pods-Flix-FlixUITests-frameworks-${CONFIGURATION}-input-files.xcfilelist",
			);
			name = "[CP] Embed Pods Frameworks";
			outputFileListPaths = (
				"${PODS_ROOT}/Target Support Files/Pods-Flix-FlixUITests/Pods-Flix-FlixUITests-frameworks-${CONFIGURATION}-output-files.xcfilelist",
			);
			runOnlyForDeploymentPostprocessing = 0;
			shellPath = /bin/sh;
			shellScript = "\"${PODS_ROOT}/Target Support Files/Pods-Flix-FlixUITests/Pods-Flix-FlixUITests-frameworks.sh\"\n";
			showEnvVarsInLog = 0;
		};
/* End PBXShellScriptBuildPhase section */

/* Begin PBXSourcesBuildPhase section */
		04D1A93723F5F5B600AE3399 /* Sources */ = {
			isa = PBXSourcesBuildPhase;
			buildActionMask = 2147483647;
			files = (
				0459223924088FB100845C65 /* MovieGridViewController.swift in Sources */,
				04D1A93F23F5F5B700AE3399 /* AppDelegate.swift in Sources */,
				04D1A99323F60B9D00AE3399 /* MoviesCell.swift in Sources */,
				04592237240886EB00845C65 /* MovieDetailsAViewController.swift in Sources */,
				0459223B240895BF00845C65 /* MovieGridCell.swift in Sources */,
				04D1A99123F5FD9600AE3399 /* MoviesViewController.swift in Sources */,
			);
			runOnlyForDeploymentPostprocessing = 0;
		};
		04D1A94B23F5F5BB00AE3399 /* Sources */ = {
			isa = PBXSourcesBuildPhase;
			buildActionMask = 2147483647;
			files = (
				04D1A95423F5F5BB00AE3399 /* FlixTests.swift in Sources */,
			);
			runOnlyForDeploymentPostprocessing = 0;
		};
		04D1A95623F5F5BB00AE3399 /* Sources */ = {
			isa = PBXSourcesBuildPhase;
			buildActionMask = 2147483647;
			files = (
				04D1A95F23F5F5BB00AE3399 /* FlixUITests.swift in Sources */,
			);
			runOnlyForDeploymentPostprocessing = 0;
		};
/* End PBXSourcesBuildPhase section */

/* Begin PBXTargetDependency section */
		04D1A95123F5F5BB00AE3399 /* PBXTargetDependency */ = {
			isa = PBXTargetDependency;
			target = 04D1A93A23F5F5B600AE3399 /* Flix */;
			targetProxy = 04D1A95023F5F5BB00AE3399 /* PBXContainerItemProxy */;
		};
		04D1A95C23F5F5BB00AE3399 /* PBXTargetDependency */ = {
			isa = PBXTargetDependency;
			target = 04D1A93A23F5F5B600AE3399 /* Flix */;
			targetProxy = 04D1A95B23F5F5BB00AE3399 /* PBXContainerItemProxy */;
		};
/* End PBXTargetDependency section */

/* Begin PBXVariantGroup section */
		04D1A94223F5F5B700AE3399 /* Main.storyboard */ = {
			isa = PBXVariantGroup;
			children = (
				04D1A94323F5F5B700AE3399 /* Base */,
			);
			name = Main.storyboard;
			sourceTree = "<group>";
		};
		04D1A94723F5F5BB00AE3399 /* LaunchScreen.storyboard */ = {
			isa = PBXVariantGroup;
			children = (
				04D1A94823F5F5BB00AE3399 /* Base */,
			);
			name = LaunchScreen.storyboard;
			sourceTree = "<group>";
		};
/* End PBXVariantGroup section */

/* Begin XCBuildConfiguration section */
		04D1A96123F5F5BB00AE3399 /* Debug */ = {
			isa = XCBuildConfiguration;
			buildSettings = {
				ALWAYS_SEARCH_USER_PATHS = NO;
				CLANG_ANALYZER_NONNULL = YES;
				CLANG_ANALYZER_NUMBER_OBJECT_CONVERSION = YES_AGGRESSIVE;
				CLANG_CXX_LANGUAGE_STANDARD = "gnu++14";
				CLANG_CXX_LIBRARY = "libc++";
				CLANG_ENABLE_MODULES = YES;
				CLANG_ENABLE_OBJC_ARC = YES;
				CLANG_ENABLE_OBJC_WEAK = YES;
				CLANG_WARN_BLOCK_CAPTURE_AUTORELEASING = YES;
				CLANG_WARN_BOOL_CONVERSION = YES;
				CLANG_WARN_COMMA = YES;
				CLANG_WARN_CONSTANT_CONVERSION = YES;
				CLANG_WARN_DEPRECATED_OBJC_IMPLEMENTATIONS = YES;
				CLANG_WARN_DIRECT_OBJC_ISA_USAGE = YES_ERROR;
				CLANG_WARN_DOCUMENTATION_COMMENTS = YES;
				CLANG_WARN_EMPTY_BODY = YES;
				CLANG_WARN_ENUM_CONVERSION = YES;
				CLANG_WARN_INFINITE_RECURSION = YES;
				CLANG_WARN_INT_CONVERSION = YES;
				CLANG_WARN_NON_LITERAL_NULL_CONVERSION = YES;
				CLANG_WARN_OBJC_IMPLICIT_RETAIN_SELF = YES;
				CLANG_WARN_OBJC_LITERAL_CONVERSION = YES;
				CLANG_WARN_OBJC_ROOT_CLASS = YES_ERROR;
				CLANG_WARN_RANGE_LOOP_ANALYSIS = YES;
				CLANG_WARN_STRICT_PROTOTYPES = YES;
				CLANG_WARN_SUSPICIOUS_MOVE = YES;
				CLANG_WARN_UNGUARDED_AVAILABILITY = YES_AGGRESSIVE;
				CLANG_WARN_UNREACHABLE_CODE = YES;
				CLANG_WARN__DUPLICATE_METHOD_MATCH = YES;
				CODE_SIGN_IDENTITY = "iPhone Developer";
				COPY_PHASE_STRIP = NO;
				DEBUG_INFORMATION_FORMAT = dwarf;
				ENABLE_STRICT_OBJC_MSGSEND = YES;
				ENABLE_TESTABILITY = YES;
				GCC_C_LANGUAGE_STANDARD = gnu11;
				GCC_DYNAMIC_NO_PIC = NO;
				GCC_NO_COMMON_BLOCKS = YES;
				GCC_OPTIMIZATION_LEVEL = 0;
				GCC_PREPROCESSOR_DEFINITIONS = (
					"DEBUG=1",
					"$(inherited)",
				);
				GCC_WARN_64_TO_32_BIT_CONVERSION = YES;
				GCC_WARN_ABOUT_RETURN_TYPE = YES_ERROR;
				GCC_WARN_UNDECLARED_SELECTOR = YES;
				GCC_WARN_UNINITIALIZED_AUTOS = YES_AGGRESSIVE;
				GCC_WARN_UNUSED_FUNCTION = YES;
				GCC_WARN_UNUSED_VARIABLE = YES;
				IPHONEOS_DEPLOYMENT_TARGET = 12.1;
				MTL_ENABLE_DEBUG_INFO = INCLUDE_SOURCE;
				MTL_FAST_MATH = YES;
				ONLY_ACTIVE_ARCH = YES;
				SDKROOT = iphoneos;
				SWIFT_ACTIVE_COMPILATION_CONDITIONS = DEBUG;
				SWIFT_OPTIMIZATION_LEVEL = "-Onone";
			};
			name = Debug;
		};
		04D1A96223F5F5BB00AE3399 /* Release */ = {
			isa = XCBuildConfiguration;
			buildSettings = {
				ALWAYS_SEARCH_USER_PATHS = NO;
				CLANG_ANALYZER_NONNULL = YES;
				CLANG_ANALYZER_NUMBER_OBJECT_CONVERSION = YES_AGGRESSIVE;
				CLANG_CXX_LANGUAGE_STANDARD = "gnu++14";
				CLANG_CXX_LIBRARY = "libc++";
				CLANG_ENABLE_MODULES = YES;
				CLANG_ENABLE_OBJC_ARC = YES;
				CLANG_ENABLE_OBJC_WEAK = YES;
				CLANG_WARN_BLOCK_CAPTURE_AUTORELEASING = YES;
				CLANG_WARN_BOOL_CONVERSION = YES;
				CLANG_WARN_COMMA = YES;
				CLANG_WARN_CONSTANT_CONVERSION = YES;
				CLANG_WARN_DEPRECATED_OBJC_IMPLEMENTATIONS = YES;
				CLANG_WARN_DIRECT_OBJC_ISA_USAGE = YES_ERROR;
				CLANG_WARN_DOCUMENTATION_COMMENTS = YES;
				CLANG_WARN_EMPTY_BODY = YES;
				CLANG_WARN_ENUM_CONVERSION = YES;
				CLANG_WARN_INFINITE_RECURSION = YES;
				CLANG_WARN_INT_CONVERSION = YES;
				CLANG_WARN_NON_LITERAL_NULL_CONVERSION = YES;
				CLANG_WARN_OBJC_IMPLICIT_RETAIN_SELF = YES;
				CLANG_WARN_OBJC_LITERAL_CONVERSION = YES;
				CLANG_WARN_OBJC_ROOT_CLASS = YES_ERROR;
				CLANG_WARN_RANGE_LOOP_ANALYSIS = YES;
				CLANG_WARN_STRICT_PROTOTYPES = YES;
				CLANG_WARN_SUSPICIOUS_MOVE = YES;
				CLANG_WARN_UNGUARDED_AVAILABILITY = YES_AGGRESSIVE;
				CLANG_WARN_UNREACHABLE_CODE = YES;
				CLANG_WARN__DUPLICATE_METHOD_MATCH = YES;
				CODE_SIGN_IDENTITY = "iPhone Developer";
				COPY_PHASE_STRIP = NO;
				DEBUG_INFORMATION_FORMAT = "dwarf-with-dsym";
				ENABLE_NS_ASSERTIONS = NO;
				ENABLE_STRICT_OBJC_MSGSEND = YES;
				GCC_C_LANGUAGE_STANDARD = gnu11;
				GCC_NO_COMMON_BLOCKS = YES;
				GCC_WARN_64_TO_32_BIT_CONVERSION = YES;
				GCC_WARN_ABOUT_RETURN_TYPE = YES_ERROR;
				GCC_WARN_UNDECLARED_SELECTOR = YES;
				GCC_WARN_UNINITIALIZED_AUTOS = YES_AGGRESSIVE;
				GCC_WARN_UNUSED_FUNCTION = YES;
				GCC_WARN_UNUSED_VARIABLE = YES;
				IPHONEOS_DEPLOYMENT_TARGET = 12.1;
				MTL_ENABLE_DEBUG_INFO = NO;
				MTL_FAST_MATH = YES;
				SDKROOT = iphoneos;
				SWIFT_COMPILATION_MODE = wholemodule;
				SWIFT_OPTIMIZATION_LEVEL = "-O";
				VALIDATE_PRODUCT = YES;
			};
			name = Release;
		};
		04D1A96423F5F5BB00AE3399 /* Debug */ = {
			isa = XCBuildConfiguration;
			baseConfigurationReference = 12E61A9A2312B4FB3EF5867D /* Pods-Flix.debug.xcconfig */;
			buildSettings = {
				ASSETCATALOG_COMPILER_APPICON_NAME = AppIcon;
				CODE_SIGN_STYLE = Automatic;
				DEVELOPMENT_TEAM = N6JG5Q98V4;
				INFOPLIST_FILE = Flix/Info.plist;
				LD_RUNPATH_SEARCH_PATHS = (
					"$(inherited)",
					"@executable_path/Frameworks",
				);
				PRODUCT_BUNDLE_IDENTIFIER = cpp.Flix;
				PRODUCT_NAME = "$(TARGET_NAME)";
				SWIFT_VERSION = 4.2;
				TARGETED_DEVICE_FAMILY = "1,2";
			};
			name = Debug;
		};
		04D1A96523F5F5BB00AE3399 /* Release */ = {
			isa = XCBuildConfiguration;
			baseConfigurationReference = 72D3C7122A3F86DD4FADFBD0 /* Pods-Flix.release.xcconfig */;
			buildSettings = {
				ASSETCATALOG_COMPILER_APPICON_NAME = AppIcon;
				CODE_SIGN_STYLE = Automatic;
				DEVELOPMENT_TEAM = N6JG5Q98V4;
				INFOPLIST_FILE = Flix/Info.plist;
				LD_RUNPATH_SEARCH_PATHS = (
					"$(inherited)",
					"@executable_path/Frameworks",
				);
				PRODUCT_BUNDLE_IDENTIFIER = cpp.Flix;
				PRODUCT_NAME = "$(TARGET_NAME)";
				SWIFT_VERSION = 4.2;
				TARGETED_DEVICE_FAMILY = "1,2";
			};
			name = Release;
		};
		04D1A96723F5F5BB00AE3399 /* Debug */ = {
			isa = XCBuildConfiguration;
			baseConfigurationReference = B06FD8FBC59C2E3B666D409E /* Pods-FlixTests.debug.xcconfig */;
			buildSettings = {
				ALWAYS_EMBED_SWIFT_STANDARD_LIBRARIES = YES;
				BUNDLE_LOADER = "$(TEST_HOST)";
				CODE_SIGN_STYLE = Automatic;
				INFOPLIST_FILE = FlixTests/Info.plist;
				LD_RUNPATH_SEARCH_PATHS = (
					"$(inherited)",
					"@executable_path/Frameworks",
					"@loader_path/Frameworks",
				);
				PRODUCT_BUNDLE_IDENTIFIER = cpp.FlixTests;
				PRODUCT_NAME = "$(TARGET_NAME)";
				SWIFT_VERSION = 4.2;
				TARGETED_DEVICE_FAMILY = "1,2";
				TEST_HOST = "$(BUILT_PRODUCTS_DIR)/Flix.app/Flix";
			};
			name = Debug;
		};
		04D1A96823F5F5BB00AE3399 /* Release */ = {
			isa = XCBuildConfiguration;
			baseConfigurationReference = CD547B1BF2868ACDBA340925 /* Pods-FlixTests.release.xcconfig */;
			buildSettings = {
				ALWAYS_EMBED_SWIFT_STANDARD_LIBRARIES = YES;
				BUNDLE_LOADER = "$(TEST_HOST)";
				CODE_SIGN_STYLE = Automatic;
				INFOPLIST_FILE = FlixTests/Info.plist;
				LD_RUNPATH_SEARCH_PATHS = (
					"$(inherited)",
					"@executable_path/Frameworks",
					"@loader_path/Frameworks",
				);
				PRODUCT_BUNDLE_IDENTIFIER = cpp.FlixTests;
				PRODUCT_NAME = "$(TARGET_NAME)";
				SWIFT_VERSION = 4.2;
				TARGETED_DEVICE_FAMILY = "1,2";
				TEST_HOST = "$(BUILT_PRODUCTS_DIR)/Flix.app/Flix";
			};
			name = Release;
		};
		04D1A96A23F5F5BB00AE3399 /* Debug */ = {
			isa = XCBuildConfiguration;
			baseConfigurationReference = D3D60D62D0FD796C391602A8 /* Pods-Flix-FlixUITests.debug.xcconfig */;
			buildSettings = {
				ALWAYS_EMBED_SWIFT_STANDARD_LIBRARIES = YES;
				CODE_SIGN_STYLE = Automatic;
				INFOPLIST_FILE = FlixUITests/Info.plist;
				LD_RUNPATH_SEARCH_PATHS = (
					"$(inherited)",
					"@executable_path/Frameworks",
					"@loader_path/Frameworks",
				);
				PRODUCT_BUNDLE_IDENTIFIER = cpp.FlixUITests;
				PRODUCT_NAME = "$(TARGET_NAME)";
				SWIFT_VERSION = 4.2;
				TARGETED_DEVICE_FAMILY = "1,2";
				TEST_TARGET_NAME = Flix;
			};
			name = Debug;
		};
		04D1A96B23F5F5BB00AE3399 /* Release */ = {
			isa = XCBuildConfiguration;
			baseConfigurationReference = 4D7FDE891E3BD922ADD35DDA /* Pods-Flix-FlixUITests.release.xcconfig */;
			buildSettings = {
				ALWAYS_EMBED_SWIFT_STANDARD_LIBRARIES = YES;
				CODE_SIGN_STYLE = Automatic;
				INFOPLIST_FILE = FlixUITests/Info.plist;
				LD_RUNPATH_SEARCH_PATHS = (
					"$(inherited)",
					"@executable_path/Frameworks",
					"@loader_path/Frameworks",
				);
				PRODUCT_BUNDLE_IDENTIFIER = cpp.FlixUITests;
				PRODUCT_NAME = "$(TARGET_NAME)";
				SWIFT_VERSION = 4.2;
				TARGETED_DEVICE_FAMILY = "1,2";
				TEST_TARGET_NAME = Flix;
			};
			name = Release;
		};
/* End XCBuildConfiguration section */

/* Begin XCConfigurationList section */
		04D1A93623F5F5B600AE3399 /* Build configuration list for PBXProject "Flix" */ = {
			isa = XCConfigurationList;
			buildConfigurations = (
				04D1A96123F5F5BB00AE3399 /* Debug */,
				04D1A96223F5F5BB00AE3399 /* Release */,
			);
			defaultConfigurationIsVisible = 0;
			defaultConfigurationName = Release;
		};
		04D1A96323F5F5BB00AE3399 /* Build configuration list for PBXNativeTarget "Flix" */ = {
			isa = XCConfigurationList;
			buildConfigurations = (
				04D1A96423F5F5BB00AE3399 /* Debug */,
				04D1A96523F5F5BB00AE3399 /* Release */,
			);
			defaultConfigurationIsVisible = 0;
			defaultConfigurationName = Release;
		};
		04D1A96623F5F5BB00AE3399 /* Build configuration list for PBXNativeTarget "FlixTests" */ = {
			isa = XCConfigurationList;
			buildConfigurations = (
				04D1A96723F5F5BB00AE3399 /* Debug */,
				04D1A96823F5F5BB00AE3399 /* Release */,
			);
			defaultConfigurationIsVisible = 0;
			defaultConfigurationName = Release;
		};
		04D1A96923F5F5BB00AE3399 /* Build configuration list for PBXNativeTarget "FlixUITests" */ = {
			isa = XCConfigurationList;
			buildConfigurations = (
				04D1A96A23F5F5BB00AE3399 /* Debug */,
				04D1A96B23F5F5BB00AE3399 /* Release */,
			);
			defaultConfigurationIsVisible = 0;
			defaultConfigurationName = Release;
		};
/* End XCConfigurationList section */
	};
	rootObject = 04D1A93323F5F5B600AE3399 /* Project object */;
}
